<?xml version="1.0" encoding="utf-8"?>
<Project ToolsVersion="4.0" xmlns="http://schemas.microsoft.com/developer/msbuild/2003">
  <ItemGroup>
    <Filter Include="Source Files">
      <UniqueIdentifier>{4FC737F1-C7A5-4376-A066-2A32D752A2FF}</UniqueIdentifier>
      <Extensions>cpp;c;cc;cxx;c++;cppm;ixx;def;odl;idl;hpj;bat;asm;asmx</Extensions>
    </Filter>
    <Filter Include="Header Files">
      <UniqueIdentifier>{93995380-89BD-4b04-88EB-625FBE52EBFB}</UniqueIdentifier>
      <Extensions>h;hh;hpp;hxx;h++;hm;inl;inc;ipp;xsd</Extensions>
    </Filter>
    <Filter Include="Resource Files">
      <UniqueIdentifier>{67DA6AB6-F800-4c08-8B7A-83BB121AAD01}</UniqueIdentifier>
      <Extensions>rc;ico;cur;bmp;dlg;rc2;rct;bin;rgs;gif;jpg;jpeg;jpe;resx;tiff;tif;png;wav;mfcribbon-ms</Extensions>
    </Filter>
  </ItemGroup>
  <ItemGroup>
    <ClCompile Include="source\Glad\glad.c">
      <Filter>Source Files</Filter>
    </ClCompile>
    <ClCompile Include="source\main.cpp">
      <Filter>Source Files</Filter>
    </ClCompile>
    <ClCompile Include="source\Shader\Shader.cpp">
      <Filter>Source Files</Filter>
    </ClCompile>
    <ClCompile Include="source\ImageLoader\stb_image.cpp">
      <Filter>Source Files</Filter>
    </ClCompile>
    <ClCompile Include="source\ImageLoader\Image.cpp">
      <Filter>Source Files</Filter>
    </ClCompile>
    <ClCompile Include="source\Window\Window.cpp">
      <Filter>Source Files</Filter>
    </ClCompile>
    <ClCompile Include="source\Managers\InputManager.cpp">
      <Filter>Source Files</Filter>
    </ClCompile>
    <ClCompile Include="source\Camera\Camera.cpp">
      <Filter>Source Files</Filter>
    </ClCompile>
    <ClCompile Include="source\Actor\Actor.cpp">
      <Filter>Source Files</Filter>
    </ClCompile>
    <ClCompile Include="source\Managers\TickManager.cpp">
      <Filter>Source Files</Filter>
    </ClCompile>
    <ClCompile Include="source\Tile\TileMap.cpp">
      <Filter>Source Files</Filter>
    </ClCompile>
    <ClCompile Include="source\Characters\Player.cpp">
      <Filter>Source Files</Filter>
    </ClCompile>
    <ClCompile Include="source\Sprite\Sprite.cpp">
      <Filter>Source Files</Filter>
    </ClCompile>
    <ClCompile Include="source\Managers\StatManager.cpp">
      <Filter>Source Files</Filter>
    </ClCompile>
    <ClCompile Include="source\Sprite\Animator.cpp">
      <Filter>Source Files</Filter>
    </ClCompile>
    <ClCompile Include="source\Characters\Character.cpp">
      <Filter>Source Files</Filter>
    </ClCompile>
    <ClCompile Include="source\Characters\Enemy.cpp">
      <Filter>Source Files</Filter>
    </ClCompile>
    <ClCompile Include="source\Collision\CollisionComponent.cpp">
      <Filter>Source Files</Filter>
    </ClCompile>
    <ClCompile Include="source\Actor\Object.cpp">
      <Filter>Source Files</Filter>
    </ClCompile>
    <ClCompile Include="source\Managers\CollisionManager.cpp">
      <Filter>Source Files</Filter>
    </ClCompile>
    <ClCompile Include="source\Shader\Renderer2D.cpp">
      <Filter>Source Files</Filter>
    </ClCompile>
    <ClCompile Include="source\Shader\RenderComponent.cpp">
      <Filter>Source Files</Filter>
    </ClCompile>
    <ClCompile Include="source\Managers\RenderManager.cpp">
      <Filter>Source Files</Filter>
    </ClCompile>
    <ClCompile Include="source\GameConfig\GameConfigs.cpp">
      <Filter>Source Files</Filter>
    </ClCompile>
    <ClCompile Include="source\Managers\SynapseFunctionLibrary.cpp">
      <Filter>Source Files</Filter>
    </ClCompile>
    <ClCompile Include="source\Characters\Components\AbilityComponent.cpp">
      <Filter>Source Files</Filter>
    </ClCompile>
    <ClCompile Include="source\Characters\Ability.cpp">
      <Filter>Source Files</Filter>
    </ClCompile>
    <ClCompile Include="source\Interfaces\IUpdate.h">
      <Filter>Source Files</Filter>
    </ClCompile>
    <ClCompile Include="source\Managers\UpdateManager.cpp">
      <Filter>Source Files</Filter>
    </ClCompile>
    <ClCompile Include="source\AI\StateMachine\AIState.cpp">
      <Filter>Source Files</Filter>
    </ClCompile>
    <ClCompile Include="source\AI\StateMachine\ChaseState.cpp">
      <Filter>Source Files</Filter>
    </ClCompile>
    <ClCompile Include="source\AI\StateMachine\StateMachine.cpp">
      <Filter>Source Files</Filter>
    </ClCompile>
    <ClCompile Include="source\AI\StateMachine\AttackState.cpp">
      <Filter>Source Files</Filter>
    </ClCompile>
    <ClCompile Include="source\Game\Game.cpp">
      <Filter>Source Files</Filter>
    </ClCompile>
    <ClCompile Include="source\Game\Session.cpp">
      <Filter>Source Files</Filter>
    </ClCompile>
    <ClCompile Include="source\Game\WaveSpawner.cpp">
      <Filter>Source Files</Filter>
    </ClCompile>
    <ClCompile Include="source\UI\Base\Widget.cpp">
      <Filter>Source Files</Filter>
    </ClCompile>
    <ClCompile Include="source\UI\Base\HUD.cpp">
      <Filter>Source Files</Filter>
    </ClCompile>
    <ClCompile Include="source\Text\Font.cpp">
      <Filter>Source Files</Filter>
    </ClCompile>
    <ClCompile Include="source\UI\Base\TextWidget.cpp">
      <Filter>Source Files</Filter>
    </ClCompile>
    <ClCompile Include="source\UI\Game\WaveWidget.cpp">
      <Filter>Source Files</Filter>
    </ClCompile>
    <ClCompile Include="source\UI\Game\HealthWidget.cpp">
      <Filter>Source Files</Filter>
    </ClCompile>
    <ClCompile Include="source\UI\Game\CharacterHealthBar.cpp">
      <Filter>Source Files</Filter>
    </ClCompile>
    <ClCompile Include="source\Characters\Components\VitalsComponent.cpp">
      <Filter>Source Files</Filter>
    </ClCompile>
    <ClCompile Include="source\Managers\CardManager.cpp">
      <Filter>Source Files</Filter>
    </ClCompile>
    <ClCompile Include="source\UI\Game\StatupCard.cpp">
      <Filter>Source Files</Filter>
    </ClCompile>
  </ItemGroup>
  <ItemGroup>
    <ClInclude Include="source\Shader\Shader.h">
      <Filter>Header Files</Filter>
    </ClInclude>
    <ClInclude Include="source\ImageLoader\stb_image.h">
      <Filter>Header Files</Filter>
    </ClInclude>
    <ClInclude Include="source\ImageLoader\Image.h">
      <Filter>Header Files</Filter>
    </ClInclude>
    <ClInclude Include="source\Window\Window.h">
      <Filter>Header Files</Filter>
    </ClInclude>
    <ClInclude Include="source\Managers\InputManager.h">
      <Filter>Header Files</Filter>
    </ClInclude>
    <ClInclude Include="source\Camera\Camera.h">
      <Filter>Header Files</Filter>
    </ClInclude>
    <ClInclude Include="source\Actor\Actor.h">
      <Filter>Header Files</Filter>
    </ClInclude>
    <ClInclude Include="source\Managers\TickManager.h">
      <Filter>Header Files</Filter>
    </ClInclude>
    <ClInclude Include="source\Tile\TileMap.h">
      <Filter>Header Files</Filter>
    </ClInclude>
    <ClInclude Include="source\Characters\Player.h">
      <Filter>Header Files</Filter>
    </ClInclude>
    <ClInclude Include="source\Sprite\Sprite.h">
      <Filter>Header Files</Filter>
    </ClInclude>
    <ClInclude Include="source\Managers\StatManager.h">
      <Filter>Header Files</Filter>
    </ClInclude>
    <ClInclude Include="source\Interfaces\IInputObserver.h">
      <Filter>Header Files</Filter>
    </ClInclude>
    <ClInclude Include="source\Sprite\Animator.h">
      <Filter>Header Files</Filter>
    </ClInclude>
    <ClInclude Include="source\Characters\Character.h">
      <Filter>Header Files</Filter>
    </ClInclude>
    <ClInclude Include="source\Interfaces\ITicker.h">
      <Filter>Header Files</Filter>
    </ClInclude>
    <ClInclude Include="source\Characters\Enemy.h">
      <Filter>Header Files</Filter>
    </ClInclude>
    <ClInclude Include="source\Collision\CollisionComponent.h">
      <Filter>Header Files</Filter>
    </ClInclude>
    <ClInclude Include="source\Actor\Object.h">
      <Filter>Header Files</Filter>
    </ClInclude>
    <ClInclude Include="source\Managers\CollisionManager.h">
      <Filter>Header Files</Filter>
    </ClInclude>
    <ClInclude Include="source\Enums&amp;Structs\GameTypes.h">
      <Filter>Header Files</Filter>
    </ClInclude>
    <ClInclude Include="source\Shader\Renderer2D.h">
      <Filter>Header Files</Filter>
    </ClInclude>
    <ClInclude Include="source\Shader\RenderComponent.h">
      <Filter>Header Files</Filter>
    </ClInclude>
    <ClInclude Include="source\Managers\RenderManager.h">
      <Filter>Header Files</Filter>
    </ClInclude>
    <ClInclude Include="source\GameConfig\json.hpp">
      <Filter>Header Files</Filter>
    </ClInclude>
    <ClInclude Include="source\GameConfig\GameConfigs.h">
      <Filter>Header Files</Filter>
    </ClInclude>
    <ClInclude Include="source\Managers\SynapseFunctionLibrary.h">
      <Filter>Header Files</Filter>
    </ClInclude>
    <ClInclude Include="source\Characters\Components\AbilityComponent.h">
      <Filter>Header Files</Filter>
    </ClInclude>
    <ClInclude Include="source\Characters\Ability.h">
      <Filter>Header Files</Filter>
    </ClInclude>
    <ClInclude Include="source\Interfaces\IAnimate.h">
      <Filter>Header Files</Filter>
    </ClInclude>
    <ClInclude Include="source\Managers\UpdateManager.h">
      <Filter>Header Files</Filter>
    </ClInclude>
    <ClInclude Include="source\Templates\Templates.h">
      <Filter>Header Files</Filter>
    </ClInclude>
    <ClInclude Include="source\AI\StateMachine\AIState.h">
      <Filter>Header Files</Filter>
    </ClInclude>
    <ClInclude Include="source\AI\StateMachine\ChaseState.h">
      <Filter>Header Files</Filter>
    </ClInclude>
    <ClInclude Include="source\AI\StateMachine\StateMachine.h">
      <Filter>Header Files</Filter>
    </ClInclude>
    <ClInclude Include="source\AI\StateMachine\AttackState.h">
      <Filter>Header Files</Filter>
    </ClInclude>
    <ClInclude Include="source\Game\Game.h">
      <Filter>Header Files</Filter>
    </ClInclude>
    <ClInclude Include="source\Game\Session.h">
      <Filter>Header Files</Filter>
    </ClInclude>
    <ClInclude Include="source\Game\WaveSpawner.h">
      <Filter>Header Files</Filter>
    </ClInclude>
    <ClInclude Include="source\UI\Base\Widget.h">
      <Filter>Header Files</Filter>
    </ClInclude>
    <ClInclude Include="source\UI\Base\HUD.h">
      <Filter>Header Files</Filter>
    </ClInclude>
    <ClInclude Include="source\Text\stb_truetype.h">
      <Filter>Header Files</Filter>
    </ClInclude>
    <ClInclude Include="source\Text\Font.h">
      <Filter>Header Files</Filter>
    </ClInclude>
    <ClInclude Include="source\UI\Base\TextWidget.h">
      <Filter>Header Files</Filter>
    </ClInclude>
    <ClInclude Include="source\UI\Game\WaveWidget.h">
      <Filter>Header Files</Filter>
    </ClInclude>
    <ClInclude Include="source\UI\Game\HealthWidget.h">
      <Filter>Header Files</Filter>
    </ClInclude>
    <ClInclude Include="source\UI\Game\CharacterHealthBar.h">
      <Filter>Header Files</Filter>
    </ClInclude>
    <ClInclude Include="source\Characters\Components\VitalsComponent.h">
      <Filter>Header Files</Filter>
    </ClInclude>
    <ClInclude Include="source\Managers\CardManager.h">
      <Filter>Header Files</Filter>
    </ClInclude>
    <ClInclude Include="source\UI\Game\StatupCard.h">
      <Filter>Header Files</Filter>
    </ClInclude>
  </ItemGroup>
  <ItemGroup>
    <None Include="Shaders\shader.fs" />
    <None Include="Shaders\shader.vs" />
    <None Include="source\GameConfig\config.json" />
  </ItemGroup>
  <ItemGroup>
    <Image Include="Assets\Textures\LightWallpaper.jpg">
      <Filter>Resource Files</Filter>
    </Image>
    <Image Include="Assets\Textures\Wallpaper.jpg">
      <Filter>Resource Files</Filter>
    </Image>
    <Image Include="Assets\Map\Tiles\Ground_Tile_01_A.png">
      <Filter>Resource Files</Filter>
    </Image>
    <Image Include="Assets\Map\Tiles\Ground_Tile_01_B.png">
      <Filter>Resource Files</Filter>
    </Image>
    <Image Include="Assets\Map\Tiles\Ground_Tile_01_C.png">
      <Filter>Resource Files</Filter>
    </Image>
    <Image Include="Assets\Map\Tiles\Ground_Tile_02_A.png">
      <Filter>Resource Files</Filter>
    </Image>
    <Image Include="Assets\Map\Tiles\Ground_Tile_02_B.png">
      <Filter>Resource Files</Filter>
    </Image>
    <Image Include="Assets\Map\Tiles\Ground_Tile_02_C.png">
      <Filter>Resource Files</Filter>
    </Image>
    <Image Include="Assets\Map\Props\A.png">
      <Filter>Resource Files</Filter>
    </Image>
    <Image Include="Assets\Map\Props\Artifact.png">
      <Filter>Resource Files</Filter>
    </Image>
    <Image Include="Assets\Map\Props\B.png">
      <Filter>Resource Files</Filter>
    </Image>
    <Image Include="Assets\Map\Props\Ball.png">
      <Filter>Resource Files</Filter>
    </Image>
    <Image Include="Assets\Map\Props\Barell_01.png">
      <Filter>Resource Files</Filter>
    </Image>
    <Image Include="Assets\Map\Props\Barell_02.png">
      <Filter>Resource Files</Filter>
    </Image>
    <Image Include="Assets\Map\Props\Barell_03.png">
      <Filter>Resource Files</Filter>
    </Image>
    <Image Include="Assets\Map\Props\Cactus_01.png">
      <Filter>Resource Files</Filter>
    </Image>
    <Image Include="Assets\Map\Props\Cactus_02.png">
      <Filter>Resource Files</Filter>
    </Image>
    <Image Include="Assets\Map\Props\Cactus_03.png">
      <Filter>Resource Files</Filter>
    </Image>
    <Image Include="Assets\Map\Props\Dot_A.png">
      <Filter>Resource Files</Filter>
    </Image>
    <Image Include="Assets\Map\Props\Dot_B.png">
      <Filter>Resource Files</Filter>
    </Image>
    <Image Include="Assets\Map\Props\Dot_C.png">
      <Filter>Resource Files</Filter>
    </Image>
    <Image Include="Assets\Map\Props\Flag_A.png">
      <Filter>Resource Files</Filter>
    </Image>
    <Image Include="Assets\Map\Props\Flag_B.png">
      <Filter>Resource Files</Filter>
    </Image>
    <Image Include="Assets\Map\Props\Football_Goals_A.png">
      <Filter>Resource Files</Filter>
    </Image>
    <Image Include="Assets\Map\Props\Football_Goals_B.png">
      <Filter>Resource Files</Filter>
    </Image>
    <Image Include="Assets\Map\Props\Log.png">
      <Filter>Resource Files</Filter>
    </Image>
    <Image Include="Assets\Map\Props\Markup_01.png">
      <Filter>Resource Files</Filter>
    </Image>
    <Image Include="Assets\Map\Props\Markup_02.png">
      <Filter>Resource Files</Filter>
    </Image>
    <Image Include="Assets\Map\Props\Markup_03.png">
      <Filter>Resource Files</Filter>
    </Image>
    <Image Include="Assets\Map\Props\Platform.png">
      <Filter>Resource Files</Filter>
    </Image>
    <Image Include="Assets\Map\Props\Rock_01.png">
      <Filter>Resource Files</Filter>
    </Image>
    <Image Include="Assets\Map\Props\Rock_02.png">
      <Filter>Resource Files</Filter>
    </Image>
    <Image Include="Assets\Map\Props\Rock_03.png">
      <Filter>Resource Files</Filter>
    </Image>
    <Image Include="Assets\Map\Props\Stump.png">
      <Filter>Resource Files</Filter>
    </Image>
    <Image Include="Assets\Map\Props\Tire_01.png">
      <Filter>Resource Files</Filter>
    </Image>
    <Image Include="Assets\Map\Props\Tire_02.png">
      <Filter>Resource Files</Filter>
    </Image>
    <Image Include="Assets\Map\Props\Tire_03.png">
      <Filter>Resource Files</Filter>
    </Image>
    <Image Include="Assets\Map\Props\Tree_01.png">
      <Filter>Resource Files</Filter>
    </Image>
    <Image Include="Assets\Map\Props\Tree_02.png">
      <Filter>Resource Files</Filter>
    </Image>
    <Image Include="Assets\Map\Props\Tree_03.png">
      <Filter>Resource Files</Filter>
    </Image>
    <Image Include="Assets\Map\Props\Tree_04.png">
      <Filter>Resource Files</Filter>
    </Image>
    <Image Include="Assets\Map\Props\Tree_05.png">
      <Filter>Resource Files</Filter>
    </Image>
    <Image Include="Assets\Map\Props\Tree_06.png">
      <Filter>Resource Files</Filter>
    </Image>
    <Image Include="Assets\Map\Props\Tree_07.png">
      <Filter>Resource Files</Filter>
    </Image>
    <Image Include="Assets\Map\Props\Tree_08.png">
      <Filter>Resource Files</Filter>
    </Image>
    <Image Include="Assets\Map\Props\Tree_09.png">
      <Filter>Resource Files</Filter>
    </Image>
    <Image Include="Assets\Map\Props\Well.png">
      <Filter>Resource Files</Filter>
    </Image>
    <Image Include="Assets\Map\Tiles\Ground_Tile_01_A.jpg">
      <Filter>Resource Files</Filter>
    </Image>
    <Image Include="Assets\Textures\WoodenBox.jpg">
      <Filter>Resource Files</Filter>
    </Image>
    <Image Include="Assets\Map\Tiles\Ground_Tile_01_B.jpg">
      <Filter>Resource Files</Filter>
    </Image>
    <Image Include="Assets\Map\Tiles\Ground_Tile_01_C.jpg">
      <Filter>Resource Files</Filter>
    </Image>
    <Image Include="Assets\Map\Tiles\Ground_Tile_02_A.jpg">
      <Filter>Resource Files</Filter>
    </Image>
    <Image Include="Assets\Map\Tiles\Ground_Tile_02_B.jpg">
      <Filter>Resource Files</Filter>
    </Image>
    <Image Include="Assets\Map\Tiles\Ground_Tile_02_C.jpg">
      <Filter>Resource Files</Filter>
    </Image>
    <Image Include="Assets\Textures\Grass_Tile.png">
      <Filter>Resource Files</Filter>
    </Image>
    <Image Include="Assets\Textures\HealthBar.png">
      <Filter>Resource Files</Filter>
    </Image>
    <Image Include="Assets\UI\WaveInfo.png">
      <Filter>Resource Files</Filter>
    </Image>
    <Image Include="Assets\UI\HealthBar.png">
      <Filter>Resource Files</Filter>
    </Image>
  </ItemGroup>
  <ItemGroup>
    <Font Include="source\Text\UnifrakturCook.ttf" />
  </ItemGroup>
</Project>